
Microsoft Visual Studio Solution File, Format Version 12.00
# Visual Studio Version 17
VisualStudioVersion = 17.11.35327.3
MinimumVisualStudioVersion = 10.0.40219.1
Project("{9A19103F-16F7-4668-BE54-9A1E7A4F7556}") = "TestFabric", "TestFabric\TestFabric\TestFabric.csproj", "{B34EF16B-DEE9-4CEB-8434-2133E59D966D}"
EndProject
Project("{9A19103F-16F7-4668-BE54-9A1E7A4F7556}") = "TestFabric.Client", "TestFabric\TestFabric.Client\TestFabric.Client.csproj", "{916D4C38-87A8-40C5-8BB1-A8B75A59CECD}"
EndProject
Global
	GlobalSection(SolutionConfigurationPlatforms) = preSolution
		Debug|Any CPU = Debug|Any CPU
		Release|Any CPU = Release|Any CPU
	EndGlobalSection
	GlobalSection(ProjectConfigurationPlatforms) = postSolution
		{B34EF16B-DEE9-4CEB-8434-2133E59D966D}.Debug|Any CPU.ActiveCfg = Debug|Any CPU
		{B34EF16B-DEE9-4CEB-8434-2133E59D966D}.Debug|Any CPU.Build.0 = Debug|Any CPU
		{B34EF16B-DEE9-4CEB-8434-2133E59D966D}.Release|Any CPU.ActiveCfg = Release|Any CPU
		{B34EF16B-DEE9-4CEB-8434-2133E59D966D}.Release|Any CPU.Build.0 = Release|Any CPU
		{916D4C38-87A8-40C5-8BB1-A8B75A59CECD}.Debug|Any CPU.ActiveCfg = Debug|Any CPU
		{916D4C38-87A8-40C5-8BB1-A8B75A59CECD}.Debug|Any CPU.Build.0 = Debug|Any CPU
		{916D4C38-87A8-40C5-8BB1-A8B75A59CECD}.Release|Any CPU.ActiveCfg = Release|Any CPU
		{916D4C38-87A8-40C5-8BB1-A8B75A59CECD}.Release|Any CPU.Build.0 = Release|Any CPU
	EndGlobalSection
	GlobalSection(SolutionProperties) = preSolution
		HideSolutionNode = FALSE
	EndGlobalSection
	GlobalSection(ExtensibilityGlobals) = postSolution
		SolutionGuid = {3D1DF05C-F57E-4EFF-B3D5-0BA38B05C8FF}
	EndGlobalSection
EndGlobal
